<?xml version="1.0" encoding="utf-8"?>
<Project ToolsVersion="4.0" xmlns="http://schemas.microsoft.com/developer/msbuild/2003">
  <ItemGroup>
    <Filter Include="Main">
      <UniqueIdentifier>{7e5c2c79-e629-43cb-aee9-a97fcd6ce15c}</UniqueIdentifier>
    </Filter>
    <Filter Include="Transmitter">
      <UniqueIdentifier>{aad7c76d-d944-4cb1-9510-92ae9fe34577}</UniqueIdentifier>
    </Filter>
    <Filter Include="Receiver">
      <UniqueIdentifier>{8d142a4d-eb05-428d-ad62-35fd5fe0ae6d}</UniqueIdentifier>
    </Filter>
    <Filter Include="Channel">
      <UniqueIdentifier>{6829e95b-b346-46e2-bc9b-f6bfaf73a12b}</UniqueIdentifier>
    </Filter>
    <Filter Include="Generator">
      <UniqueIdentifier>{c8fdd6bf-01d0-4baa-9a61-ef752fcbad8a}</UniqueIdentifier>
    </Filter>
  </ItemGroup>
  <ItemGroup>
    <ClCompile Include="main.cpp">
      <Filter>Main</Filter>
    </ClCompile>
    <ClCompile Include="channel.cpp">
      <Filter>Channel</Filter>
    </ClCompile>
    <ClCompile Include="generator.cpp">
      <Filter>Generator</Filter>
    </ClCompile>
    <ClCompile Include="modulator.cpp">
      <Filter>Transmitter</Filter>
    </ClCompile>
    <ClCompile Include="coder.cpp">
      <Filter>Transmitter</Filter>
    </ClCompile>
    <ClCompile Include="decoder.cpp">
      <Filter>Receiver</Filter>
    </ClCompile>
    <ClCompile Include="path.cpp">
      <Filter>Receiver</Filter>
    </ClCompile>
  </ItemGroup>
  <ItemGroup>
    <ClInclude Include="channel.h">
      <Filter>Channel</Filter>
    </ClInclude>
    <ClInclude Include="generator.h">
      <Filter>Generator</Filter>
    </ClInclude>
    <ClInclude Include="modulator.h">
      <Filter>Transmitter</Filter>
    </ClInclude>
    <ClInclude Include="coder.h">
      <Filter>Transmitter</Filter>
    </ClInclude>
    <ClInclude Include="decoder.h">
      <Filter>Receiver</Filter>
    </ClInclude>
    <ClInclude Include="path.h">
      <Filter>Receiver</Filter>
    </ClInclude>
  </ItemGroup>
</Project>